
Microsoft Visual Studio Solution File, Format Version 12.00
# Visual Studio Version 17
VisualStudioVersion = 17.4.33110.190
MinimumVisualStudioVersion = 10.0.40219.1
Project("{9A19103F-16F7-4668-BE54-9A1E7A4F7556}") = "ProductsAPI.Services", "ProductsAPI.Services\ProductsAPI.Services.csproj", "{871E6B4F-66AB-4DD2-91D5-E41A4109B4FC}"
EndProject
Project("{2150E333-8FDC-42A3-9474-1A3956D46DE8}") = "API", "API", "{00059E94-0991-4D0A-8C5C-16C4A2620C99}"
EndProject
Project("{2150E333-8FDC-42A3-9474-1A3956D46DE8}") = "DDD", "DDD", "{0575E180-033C-44C4-93F6-14A4C39FE8DF}"
EndProject
Project("{2150E333-8FDC-42A3-9474-1A3956D46DE8}") = "Tests", "Tests", "{2CD4EE46-561C-4250-BEE4-83C2358BA9FD}"
EndProject
Project("{2150E333-8FDC-42A3-9474-1A3956D46DE8}") = "Application", "Application", "{7FC75F58-B340-48B5-9D0C-74DE94D3C91C}"
EndProject
Project("{2150E333-8FDC-42A3-9474-1A3956D46DE8}") = "Domain", "Domain", "{3C49AEFD-166A-45D5-BD78-D58A66531D03}"
EndProject
Project("{2150E333-8FDC-42A3-9474-1A3956D46DE8}") = "InfraStructure", "InfraStructure", "{30972694-500E-42CF-A818-F07C909950E0}"
EndProject
Project("{9A19103F-16F7-4668-BE54-9A1E7A4F7556}") = "ProductsAPI.Domain", "ProductsAPI.Domain\ProductsAPI.Domain.csproj", "{EA1F25D1-5624-4DEA-8825-635BA7EAB4BA}"
EndProject
Project("{9A19103F-16F7-4668-BE54-9A1E7A4F7556}") = "ProductsAPI.Infra.Data.SqlServer", "ProductsAPI.Infra.Data.SqlServer\ProductsAPI.Infra.Data.SqlServer.csproj", "{C756F99A-CBC0-4F5A-86FB-C42CD653618B}"
EndProject
Project("{9A19103F-16F7-4668-BE54-9A1E7A4F7556}") = "ProductsAPI.Infra.Data.MongoDB", "ProductsAPI.Infra.Data.MongoDB\ProductsAPI.Infra.Data.MongoDB.csproj", "{8D319431-BC6B-4D8C-9D15-98DE6C1EE150}"
EndProject
Project("{9A19103F-16F7-4668-BE54-9A1E7A4F7556}") = "ProductsAPI.Infra.IoC", "ProductsAPI.Infra.IoC\ProductsAPI.Infra.IoC.csproj", "{E38A1977-B69E-4612-B348-656BE1359696}"
EndProject
Project("{9A19103F-16F7-4668-BE54-9A1E7A4F7556}") = "ProductsAPI.Application", "ProductsAPI.Application\ProductsAPI.Application.csproj", "{F557561B-822A-4F9B-BDF3-2DFE4BE50C2E}"
EndProject
Project("{FAE04EC0-301F-11D3-BF4B-00C04F79EFBC}") = "ProductsAPI.Tests", "ProductsAPI.Tests\ProductsAPI.Tests.csproj", "{EEA9E607-9601-459E-B0F1-AE561102E60F}"
EndProject
Global
	GlobalSection(SolutionConfigurationPlatforms) = preSolution
		Debug|Any CPU = Debug|Any CPU
		Release|Any CPU = Release|Any CPU
	EndGlobalSection
	GlobalSection(ProjectConfigurationPlatforms) = postSolution
		{871E6B4F-66AB-4DD2-91D5-E41A4109B4FC}.Debug|Any CPU.ActiveCfg = Debug|Any CPU
		{871E6B4F-66AB-4DD2-91D5-E41A4109B4FC}.Debug|Any CPU.Build.0 = Debug|Any CPU
		{871E6B4F-66AB-4DD2-91D5-E41A4109B4FC}.Release|Any CPU.ActiveCfg = Release|Any CPU
		{871E6B4F-66AB-4DD2-91D5-E41A4109B4FC}.Release|Any CPU.Build.0 = Release|Any CPU
		{EA1F25D1-5624-4DEA-8825-635BA7EAB4BA}.Debug|Any CPU.ActiveCfg = Debug|Any CPU
		{EA1F25D1-5624-4DEA-8825-635BA7EAB4BA}.Debug|Any CPU.Build.0 = Debug|Any CPU
		{EA1F25D1-5624-4DEA-8825-635BA7EAB4BA}.Release|Any CPU.ActiveCfg = Release|Any CPU
		{EA1F25D1-5624-4DEA-8825-635BA7EAB4BA}.Release|Any CPU.Build.0 = Release|Any CPU
		{C756F99A-CBC0-4F5A-86FB-C42CD653618B}.Debug|Any CPU.ActiveCfg = Debug|Any CPU
		{C756F99A-CBC0-4F5A-86FB-C42CD653618B}.Debug|Any CPU.Build.0 = Debug|Any CPU
		{C756F99A-CBC0-4F5A-86FB-C42CD653618B}.Release|Any CPU.ActiveCfg = Release|Any CPU
		{C756F99A-CBC0-4F5A-86FB-C42CD653618B}.Release|Any CPU.Build.0 = Release|Any CPU
		{8D319431-BC6B-4D8C-9D15-98DE6C1EE150}.Debug|Any CPU.ActiveCfg = Debug|Any CPU
		{8D319431-BC6B-4D8C-9D15-98DE6C1EE150}.Debug|Any CPU.Build.0 = Debug|Any CPU
		{8D319431-BC6B-4D8C-9D15-98DE6C1EE150}.Release|Any CPU.ActiveCfg = Release|Any CPU
		{8D319431-BC6B-4D8C-9D15-98DE6C1EE150}.Release|Any CPU.Build.0 = Release|Any CPU
		{E38A1977-B69E-4612-B348-656BE1359696}.Debug|Any CPU.ActiveCfg = Debug|Any CPU
		{E38A1977-B69E-4612-B348-656BE1359696}.Debug|Any CPU.Build.0 = Debug|Any CPU
		{E38A1977-B69E-4612-B348-656BE1359696}.Release|Any CPU.ActiveCfg = Release|Any CPU
		{E38A1977-B69E-4612-B348-656BE1359696}.Release|Any CPU.Build.0 = Release|Any CPU
		{F557561B-822A-4F9B-BDF3-2DFE4BE50C2E}.Debug|Any CPU.ActiveCfg = Debug|Any CPU
		{F557561B-822A-4F9B-BDF3-2DFE4BE50C2E}.Debug|Any CPU.Build.0 = Debug|Any CPU
		{F557561B-822A-4F9B-BDF3-2DFE4BE50C2E}.Release|Any CPU.ActiveCfg = Release|Any CPU
		{F557561B-822A-4F9B-BDF3-2DFE4BE50C2E}.Release|Any CPU.Build.0 = Release|Any CPU
		{EEA9E607-9601-459E-B0F1-AE561102E60F}.Debug|Any CPU.ActiveCfg = Debug|Any CPU
		{EEA9E607-9601-459E-B0F1-AE561102E60F}.Debug|Any CPU.Build.0 = Debug|Any CPU
		{EEA9E607-9601-459E-B0F1-AE561102E60F}.Release|Any CPU.ActiveCfg = Release|Any CPU
		{EEA9E607-9601-459E-B0F1-AE561102E60F}.Release|Any CPU.Build.0 = Release|Any CPU
	EndGlobalSection
	GlobalSection(SolutionProperties) = preSolution
		HideSolutionNode = FALSE
	EndGlobalSection
	GlobalSection(NestedProjects) = preSolution
		{871E6B4F-66AB-4DD2-91D5-E41A4109B4FC} = {00059E94-0991-4D0A-8C5C-16C4A2620C99}
		{7FC75F58-B340-48B5-9D0C-74DE94D3C91C} = {0575E180-033C-44C4-93F6-14A4C39FE8DF}
		{3C49AEFD-166A-45D5-BD78-D58A66531D03} = {0575E180-033C-44C4-93F6-14A4C39FE8DF}
		{30972694-500E-42CF-A818-F07C909950E0} = {0575E180-033C-44C4-93F6-14A4C39FE8DF}
		{EA1F25D1-5624-4DEA-8825-635BA7EAB4BA} = {3C49AEFD-166A-45D5-BD78-D58A66531D03}
		{C756F99A-CBC0-4F5A-86FB-C42CD653618B} = {30972694-500E-42CF-A818-F07C909950E0}
		{8D319431-BC6B-4D8C-9D15-98DE6C1EE150} = {30972694-500E-42CF-A818-F07C909950E0}
		{E38A1977-B69E-4612-B348-656BE1359696} = {30972694-500E-42CF-A818-F07C909950E0}
		{F557561B-822A-4F9B-BDF3-2DFE4BE50C2E} = {7FC75F58-B340-48B5-9D0C-74DE94D3C91C}
		{EEA9E607-9601-459E-B0F1-AE561102E60F} = {2CD4EE46-561C-4250-BEE4-83C2358BA9FD}
	EndGlobalSection
	GlobalSection(ExtensibilityGlobals) = postSolution
		SolutionGuid = {F17785BD-4918-4B2B-8FA3-20CA2CEE3307}
	EndGlobalSection
EndGlobal
